
Microsoft Visual Studio Solution File, Format Version 12.00
# Visual Studio 2012
Project("{8BC9CEB8-8B4A-11D0-8D11-00A0C91BC942}") = "memdbg", "projects\memdbg\memdbg.vcxproj", "{DA90262D-D985-43B0-BA0A-DF1DF6AA824B}"
EndProject
Project("{8BC9CEB8-8B4A-11D0-8D11-00A0C91BC942}") = "test_app", "projects\test_app\test_app.vcxproj", "{DE45C341-A801-49E8-B7C9-9DAD7B4034E5}"
EndProject
Global
	GlobalSection(SolutionConfigurationPlatforms) = preSolution
		Debug|Win32 = Debug|Win32
		Debug|x64 = Debug|x64
		Release|Win32 = Release|Win32
		Release|x64 = Release|x64
	EndGlobalSection
	GlobalSection(ProjectConfigurationPlatforms) = postSolution
		{DA90262D-D985-43B0-BA0A-DF1DF6AA824B}.Debug|Win32.ActiveCfg = Debug|Win32
		{DA90262D-D985-43B0-BA0A-DF1DF6AA824B}.Debug|Win32.Build.0 = Debug|Win32
		{DA90262D-D985-43B0-BA0A-DF1DF6AA824B}.Debug|Win32.Deploy.0 = Debug|Win32
		{DA90262D-D985-43B0-BA0A-DF1DF6AA824B}.Debug|x64.ActiveCfg = Debug|x64
		{DA90262D-D985-43B0-BA0A-DF1DF6AA824B}.Debug|x64.Build.0 = Debug|x64
		{DA90262D-D985-43B0-BA0A-DF1DF6AA824B}.Debug|x64.Deploy.0 = Debug|x64
		{DA90262D-D985-43B0-BA0A-DF1DF6AA824B}.Release|Win32.ActiveCfg = Release|Win32
		{DA90262D-D985-43B0-BA0A-DF1DF6AA824B}.Release|Win32.Build.0 = Release|Win32
		{DA90262D-D985-43B0-BA0A-DF1DF6AA824B}.Release|Win32.Deploy.0 = Release|Win32
		{DA90262D-D985-43B0-BA0A-DF1DF6AA824B}.Release|x64.ActiveCfg = Release|x64
		{DA90262D-D985-43B0-BA0A-DF1DF6AA824B}.Release|x64.Build.0 = Release|x64
		{DA90262D-D985-43B0-BA0A-DF1DF6AA824B}.Release|x64.Deploy.0 = Release|x64
		{DE45C341-A801-49E8-B7C9-9DAD7B4034E5}.Debug|Win32.ActiveCfg = Debug|Win32
		{DE45C341-A801-49E8-B7C9-9DAD7B4034E5}.Debug|Win32.Build.0 = Debug|Win32
		{DE45C341-A801-49E8-B7C9-9DAD7B4034E5}.Debug|Win32.Deploy.0 = Debug|Win32
		{DE45C341-A801-49E8-B7C9-9DAD7B4034E5}.Debug|x64.ActiveCfg = Debug|x64
		{DE45C341-A801-49E8-B7C9-9DAD7B4034E5}.Debug|x64.Build.0 = Debug|x64
		{DE45C341-A801-49E8-B7C9-9DAD7B4034E5}.Debug|x64.Deploy.0 = Debug|x64
		{DE45C341-A801-49E8-B7C9-9DAD7B4034E5}.Release|Win32.ActiveCfg = Release|Win32
		{DE45C341-A801-49E8-B7C9-9DAD7B4034E5}.Release|Win32.Build.0 = Release|Win32
		{DE45C341-A801-49E8-B7C9-9DAD7B4034E5}.Release|Win32.Deploy.0 = Release|Win32
		{DE45C341-A801-49E8-B7C9-9DAD7B4034E5}.Release|x64.ActiveCfg = Release|x64
		{DE45C341-A801-49E8-B7C9-9DAD7B4034E5}.Release|x64.Build.0 = Release|x64
		{DE45C341-A801-49E8-B7C9-9DAD7B4034E5}.Release|x64.Deploy.0 = Release|x64
	EndGlobalSection
	GlobalSection(SolutionProperties) = preSolution
		HideSolutionNode = FALSE
	EndGlobalSection
EndGlobal
