
Microsoft Visual Studio Solution File, Format Version 12.00
# Visual Studio 2012
Project("{8BC9CEB8-8B4A-11D0-8D11-00A0C91BC942}") = "app", "app\app.vcxproj", "{E683A4F0-2848-432B-8273-C9A359B4CBC4}"
EndProject
Global
	GlobalSection(SolutionConfigurationPlatforms) = preSolution
		Debug|Win32 = Debug|Win32
		Release|Win32 = Release|Win32
	EndGlobalSection
	GlobalSection(ProjectConfigurationPlatforms) = postSolution
		{E683A4F0-2848-432B-8273-C9A359B4CBC4}.Debug|Win32.ActiveCfg = Debug|Win32
		{E683A4F0-2848-432B-8273-C9A359B4CBC4}.Debug|Win32.Build.0 = Debug|Win32
		{E683A4F0-2848-432B-8273-C9A359B4CBC4}.Debug|Win32.Deploy.0 = Debug|Win32
		{E683A4F0-2848-432B-8273-C9A359B4CBC4}.Release|Win32.ActiveCfg = Release|Win32
		{E683A4F0-2848-432B-8273-C9A359B4CBC4}.Release|Win32.Build.0 = Release|Win32
		{E683A4F0-2848-432B-8273-C9A359B4CBC4}.Release|Win32.Deploy.0 = Release|Win32
	EndGlobalSection
	GlobalSection(SolutionProperties) = preSolution
		HideSolutionNode = FALSE
	EndGlobalSection
EndGlobal
